
Microsoft Visual Studio Solution File, Format Version 12.00
# Visual Studio Version 17
VisualStudioVersion = 17.0.31903.59
MinimumVisualStudioVersion = 10.0.40219.1
Project("{FAE04EC0-301F-11D3-BF4B-00C04F79EFBC}") = "Lagersystem", "Lagersystem\Lagersystem.csproj", "{EE23E664-F716-4A95-B4AA-DBB0738927FB}"
EndProject
Project("{FAE04EC0-301F-11D3-BF4B-00C04F79EFBC}") = "Lagersystem.Tests", "Lagersystem.Tests\Lagersystem.Tests.csproj", "{6CFA8370-781E-45BD-8D39-8DE9B1411C0F}"
EndProject
Global
	GlobalSection(SolutionConfigurationPlatforms) = preSolution
		Debug|Any CPU = Debug|Any CPU
		Debug|x64 = Debug|x64
		Debug|x86 = Debug|x86
		Release|Any CPU = Release|Any CPU
		Release|x64 = Release|x64
		Release|x86 = Release|x86
	EndGlobalSection
	GlobalSection(ProjectConfigurationPlatforms) = postSolution
		{EE23E664-F716-4A95-B4AA-DBB0738927FB}.Debug|Any CPU.ActiveCfg = Debug|Any CPU
		{EE23E664-F716-4A95-B4AA-DBB0738927FB}.Debug|Any CPU.Build.0 = Debug|Any CPU
		{EE23E664-F716-4A95-B4AA-DBB0738927FB}.Debug|x64.ActiveCfg = Debug|Any CPU
		{EE23E664-F716-4A95-B4AA-DBB0738927FB}.Debug|x64.Build.0 = Debug|Any CPU
		{EE23E664-F716-4A95-B4AA-DBB0738927FB}.Debug|x86.ActiveCfg = Debug|Any CPU
		{EE23E664-F716-4A95-B4AA-DBB0738927FB}.Debug|x86.Build.0 = Debug|Any CPU
		{EE23E664-F716-4A95-B4AA-DBB0738927FB}.Release|Any CPU.ActiveCfg = Release|Any CPU
		{EE23E664-F716-4A95-B4AA-DBB0738927FB}.Release|Any CPU.Build.0 = Release|Any CPU
		{EE23E664-F716-4A95-B4AA-DBB0738927FB}.Release|x64.ActiveCfg = Release|Any CPU
		{EE23E664-F716-4A95-B4AA-DBB0738927FB}.Release|x64.Build.0 = Release|Any CPU
		{EE23E664-F716-4A95-B4AA-DBB0738927FB}.Release|x86.ActiveCfg = Release|Any CPU
		{EE23E664-F716-4A95-B4AA-DBB0738927FB}.Release|x86.Build.0 = Release|Any CPU
		{6CFA8370-781E-45BD-8D39-8DE9B1411C0F}.Debug|Any CPU.ActiveCfg = Debug|Any CPU
		{6CFA8370-781E-45BD-8D39-8DE9B1411C0F}.Debug|Any CPU.Build.0 = Debug|Any CPU
		{6CFA8370-781E-45BD-8D39-8DE9B1411C0F}.Debug|x64.ActiveCfg = Debug|Any CPU
		{6CFA8370-781E-45BD-8D39-8DE9B1411C0F}.Debug|x64.Build.0 = Debug|Any CPU
		{6CFA8370-781E-45BD-8D39-8DE9B1411C0F}.Debug|x86.ActiveCfg = Debug|Any CPU
		{6CFA8370-781E-45BD-8D39-8DE9B1411C0F}.Debug|x86.Build.0 = Debug|Any CPU
		{6CFA8370-781E-45BD-8D39-8DE9B1411C0F}.Release|Any CPU.ActiveCfg = Release|Any CPU
		{6CFA8370-781E-45BD-8D39-8DE9B1411C0F}.Release|Any CPU.Build.0 = Release|Any CPU
		{6CFA8370-781E-45BD-8D39-8DE9B1411C0F}.Release|x64.ActiveCfg = Release|Any CPU
		{6CFA8370-781E-45BD-8D39-8DE9B1411C0F}.Release|x64.Build.0 = Release|Any CPU
		{6CFA8370-781E-45BD-8D39-8DE9B1411C0F}.Release|x86.ActiveCfg = Release|Any CPU
		{6CFA8370-781E-45BD-8D39-8DE9B1411C0F}.Release|x86.Build.0 = Release|Any CPU
	EndGlobalSection
	GlobalSection(SolutionProperties) = preSolution
		HideSolutionNode = FALSE
	EndGlobalSection
EndGlobal
